
Microsoft Visual Studio Solution File, Format Version 12.00
# Visual Studio Version 17
VisualStudioVersion = 17.0.31903.59
MinimumVisualStudioVersion = 10.0.40219.1
Project("{2150E333-8FDC-42A3-9474-1A3956D46DE8}") = "src", "src", "{827E0CD3-B72D-47B6-A68D-7590B98EB39B}"
EndProject
Project("{FAE04EC0-301F-11D3-BF4B-00C04F79EFBC}") = "Baion.Contracts", "src\Baion.Contracts\Baion.Contracts.csproj", "{FEFD6FBF-8950-4373-A3F4-EF40B7617417}"
EndProject
Project("{2150E333-8FDC-42A3-9474-1A3956D46DE8}") = "Agent", "Agent", "{096B6098-F141-7114-B090-72D1899D8853}"
EndProject
Project("{FAE04EC0-301F-11D3-BF4B-00C04F79EFBC}") = "Baion.Agent.Core", "src\Agent\Baion.Agent.Core\Baion.Agent.Core.csproj", "{BB428A89-39AC-4E66-A4AD-528015586234}"
EndProject
Project("{FAE04EC0-301F-11D3-BF4B-00C04F79EFBC}") = "Baion.Agent.Execution", "src\Agent\Baion.Agent.Execution\Baion.Agent.Execution.csproj", "{DF68A293-4E63-4348-95A0-DEECFF0873FF}"
EndProject
Project("{FAE04EC0-301F-11D3-BF4B-00C04F79EFBC}") = "Baion.Agent.Host", "src\Agent\Baion.Agent.Host\Baion.Agent.Host.csproj", "{15C34E52-C0E0-491A-B5DB-0C8660AAF4DA}"
EndProject
Project("{FAE04EC0-301F-11D3-BF4B-00C04F79EFBC}") = "Baion.Agent.Metrics", "src\Agent\Baion.Agent.Metrics\Baion.Agent.Metrics.csproj", "{B0868EF5-5A47-41FD-8AA0-7794AB768C92}"
EndProject
Project("{2150E333-8FDC-42A3-9474-1A3956D46DE8}") = "tests", "tests", "{0AB3BF05-4346-4AA6-1389-037BE0695223}"
EndProject
Project("{FAE04EC0-301F-11D3-BF4B-00C04F79EFBC}") = "Baion.Contracts.Tests", "tests\Baion.Contracts.Tests\Baion.Contracts.Tests.csproj", "{25105E0A-FB8F-4A77-8B93-2B694B5B45EC}"
EndProject
Project("{FAE04EC0-301F-11D3-BF4B-00C04F79EFBC}") = "Baion.Agent.Core.Tests", "tests\Baion.Agent.Core.Tests\Baion.Agent.Core.Tests.csproj", "{FC42914B-B85D-4AED-973D-EE17024F075F}"
EndProject
Project("{FAE04EC0-301F-11D3-BF4B-00C04F79EFBC}") = "Baion.Agent.Metrics.Tests", "tests\Baion.Agent.Metrics.Tests\Baion.Agent.Metrics.Tests.csproj", "{6D9E8243-482B-4890-932E-B39EA84445E9}"
EndProject
Project("{FAE04EC0-301F-11D3-BF4B-00C04F79EFBC}") = "Baion.Agent.Execution.Tests", "tests\Baion.Agent.Execution.Tests\Baion.Agent.Execution.Tests.csproj", "{5FAB8C07-3FC7-4E7C-8174-D0E79D4E21CF}"
EndProject
Global
	GlobalSection(SolutionConfigurationPlatforms) = preSolution
		Debug|Any CPU = Debug|Any CPU
		Debug|x64 = Debug|x64
		Debug|x86 = Debug|x86
		Release|Any CPU = Release|Any CPU
		Release|x64 = Release|x64
		Release|x86 = Release|x86
	EndGlobalSection
	GlobalSection(ProjectConfigurationPlatforms) = postSolution
		{FEFD6FBF-8950-4373-A3F4-EF40B7617417}.Debug|Any CPU.ActiveCfg = Debug|Any CPU
		{FEFD6FBF-8950-4373-A3F4-EF40B7617417}.Debug|Any CPU.Build.0 = Debug|Any CPU
		{FEFD6FBF-8950-4373-A3F4-EF40B7617417}.Debug|x64.ActiveCfg = Debug|Any CPU
		{FEFD6FBF-8950-4373-A3F4-EF40B7617417}.Debug|x64.Build.0 = Debug|Any CPU
		{FEFD6FBF-8950-4373-A3F4-EF40B7617417}.Debug|x86.ActiveCfg = Debug|Any CPU
		{FEFD6FBF-8950-4373-A3F4-EF40B7617417}.Debug|x86.Build.0 = Debug|Any CPU
		{FEFD6FBF-8950-4373-A3F4-EF40B7617417}.Release|Any CPU.ActiveCfg = Release|Any CPU
		{FEFD6FBF-8950-4373-A3F4-EF40B7617417}.Release|Any CPU.Build.0 = Release|Any CPU
		{FEFD6FBF-8950-4373-A3F4-EF40B7617417}.Release|x64.ActiveCfg = Release|Any CPU
		{FEFD6FBF-8950-4373-A3F4-EF40B7617417}.Release|x64.Build.0 = Release|Any CPU
		{FEFD6FBF-8950-4373-A3F4-EF40B7617417}.Release|x86.ActiveCfg = Release|Any CPU
		{FEFD6FBF-8950-4373-A3F4-EF40B7617417}.Release|x86.Build.0 = Release|Any CPU
		{BB428A89-39AC-4E66-A4AD-528015586234}.Debug|Any CPU.ActiveCfg = Debug|Any CPU
		{BB428A89-39AC-4E66-A4AD-528015586234}.Debug|Any CPU.Build.0 = Debug|Any CPU
		{BB428A89-39AC-4E66-A4AD-528015586234}.Debug|x64.ActiveCfg = Debug|Any CPU
		{BB428A89-39AC-4E66-A4AD-528015586234}.Debug|x64.Build.0 = Debug|Any CPU
		{BB428A89-39AC-4E66-A4AD-528015586234}.Debug|x86.ActiveCfg = Debug|Any CPU
		{BB428A89-39AC-4E66-A4AD-528015586234}.Debug|x86.Build.0 = Debug|Any CPU
		{BB428A89-39AC-4E66-A4AD-528015586234}.Release|Any CPU.ActiveCfg = Release|Any CPU
		{BB428A89-39AC-4E66-A4AD-528015586234}.Release|Any CPU.Build.0 = Release|Any CPU
		{BB428A89-39AC-4E66-A4AD-528015586234}.Release|x64.ActiveCfg = Release|Any CPU
		{BB428A89-39AC-4E66-A4AD-528015586234}.Release|x64.Build.0 = Release|Any CPU
		{BB428A89-39AC-4E66-A4AD-528015586234}.Release|x86.ActiveCfg = Release|Any CPU
		{BB428A89-39AC-4E66-A4AD-528015586234}.Release|x86.Build.0 = Release|Any CPU
		{DF68A293-4E63-4348-95A0-DEECFF0873FF}.Debug|Any CPU.ActiveCfg = Debug|Any CPU
		{DF68A293-4E63-4348-95A0-DEECFF0873FF}.Debug|Any CPU.Build.0 = Debug|Any CPU
		{DF68A293-4E63-4348-95A0-DEECFF0873FF}.Debug|x64.ActiveCfg = Debug|Any CPU
		{DF68A293-4E63-4348-95A0-DEECFF0873FF}.Debug|x64.Build.0 = Debug|Any CPU
		{DF68A293-4E63-4348-95A0-DEECFF0873FF}.Debug|x86.ActiveCfg = Debug|Any CPU
		{DF68A293-4E63-4348-95A0-DEECFF0873FF}.Debug|x86.Build.0 = Debug|Any CPU
		{DF68A293-4E63-4348-95A0-DEECFF0873FF}.Release|Any CPU.ActiveCfg = Release|Any CPU
		{DF68A293-4E63-4348-95A0-DEECFF0873FF}.Release|Any CPU.Build.0 = Release|Any CPU
		{DF68A293-4E63-4348-95A0-DEECFF0873FF}.Release|x64.ActiveCfg = Release|Any CPU
		{DF68A293-4E63-4348-95A0-DEECFF0873FF}.Release|x64.Build.0 = Release|Any CPU
		{DF68A293-4E63-4348-95A0-DEECFF0873FF}.Release|x86.ActiveCfg = Release|Any CPU
		{DF68A293-4E63-4348-95A0-DEECFF0873FF}.Release|x86.Build.0 = Release|Any CPU
		{15C34E52-C0E0-491A-B5DB-0C8660AAF4DA}.Debug|Any CPU.ActiveCfg = Debug|Any CPU
		{15C34E52-C0E0-491A-B5DB-0C8660AAF4DA}.Debug|Any CPU.Build.0 = Debug|Any CPU
		{15C34E52-C0E0-491A-B5DB-0C8660AAF4DA}.Debug|x64.ActiveCfg = Debug|Any CPU
		{15C34E52-C0E0-491A-B5DB-0C8660AAF4DA}.Debug|x64.Build.0 = Debug|Any CPU
		{15C34E52-C0E0-491A-B5DB-0C8660AAF4DA}.Debug|x86.ActiveCfg = Debug|Any CPU
		{15C34E52-C0E0-491A-B5DB-0C8660AAF4DA}.Debug|x86.Build.0 = Debug|Any CPU
		{15C34E52-C0E0-491A-B5DB-0C8660AAF4DA}.Release|Any CPU.ActiveCfg = Release|Any CPU
		{15C34E52-C0E0-491A-B5DB-0C8660AAF4DA}.Release|Any CPU.Build.0 = Release|Any CPU
		{15C34E52-C0E0-491A-B5DB-0C8660AAF4DA}.Release|x64.ActiveCfg = Release|Any CPU
		{15C34E52-C0E0-491A-B5DB-0C8660AAF4DA}.Release|x64.Build.0 = Release|Any CPU
		{15C34E52-C0E0-491A-B5DB-0C8660AAF4DA}.Release|x86.ActiveCfg = Release|Any CPU
		{15C34E52-C0E0-491A-B5DB-0C8660AAF4DA}.Release|x86.Build.0 = Release|Any CPU
		{B0868EF5-5A47-41FD-8AA0-7794AB768C92}.Debug|Any CPU.ActiveCfg = Debug|Any CPU
		{B0868EF5-5A47-41FD-8AA0-7794AB768C92}.Debug|Any CPU.Build.0 = Debug|Any CPU
		{B0868EF5-5A47-41FD-8AA0-7794AB768C92}.Debug|x64.ActiveCfg = Debug|Any CPU
		{B0868EF5-5A47-41FD-8AA0-7794AB768C92}.Debug|x64.Build.0 = Debug|Any CPU
		{B0868EF5-5A47-41FD-8AA0-7794AB768C92}.Debug|x86.ActiveCfg = Debug|Any CPU
		{B0868EF5-5A47-41FD-8AA0-7794AB768C92}.Debug|x86.Build.0 = Debug|Any CPU
		{B0868EF5-5A47-41FD-8AA0-7794AB768C92}.Release|Any CPU.ActiveCfg = Release|Any CPU
		{B0868EF5-5A47-41FD-8AA0-7794AB768C92}.Release|Any CPU.Build.0 = Release|Any CPU
		{B0868EF5-5A47-41FD-8AA0-7794AB768C92}.Release|x64.ActiveCfg = Release|Any CPU
		{B0868EF5-5A47-41FD-8AA0-7794AB768C92}.Release|x64.Build.0 = Release|Any CPU
		{B0868EF5-5A47-41FD-8AA0-7794AB768C92}.Release|x86.ActiveCfg = Release|Any CPU
		{B0868EF5-5A47-41FD-8AA0-7794AB768C92}.Release|x86.Build.0 = Release|Any CPU
		{25105E0A-FB8F-4A77-8B93-2B694B5B45EC}.Debug|Any CPU.ActiveCfg = Debug|Any CPU
		{25105E0A-FB8F-4A77-8B93-2B694B5B45EC}.Debug|Any CPU.Build.0 = Debug|Any CPU
		{25105E0A-FB8F-4A77-8B93-2B694B5B45EC}.Debug|x64.ActiveCfg = Debug|Any CPU
		{25105E0A-FB8F-4A77-8B93-2B694B5B45EC}.Debug|x64.Build.0 = Debug|Any CPU
		{25105E0A-FB8F-4A77-8B93-2B694B5B45EC}.Debug|x86.ActiveCfg = Debug|Any CPU
		{25105E0A-FB8F-4A77-8B93-2B694B5B45EC}.Debug|x86.Build.0 = Debug|Any CPU
		{25105E0A-FB8F-4A77-8B93-2B694B5B45EC}.Release|Any CPU.ActiveCfg = Release|Any CPU
		{25105E0A-FB8F-4A77-8B93-2B694B5B45EC}.Release|Any CPU.Build.0 = Release|Any CPU
		{25105E0A-FB8F-4A77-8B93-2B694B5B45EC}.Release|x64.ActiveCfg = Release|Any CPU
		{25105E0A-FB8F-4A77-8B93-2B694B5B45EC}.Release|x64.Build.0 = Release|Any CPU
		{25105E0A-FB8F-4A77-8B93-2B694B5B45EC}.Release|x86.ActiveCfg = Release|Any CPU
		{25105E0A-FB8F-4A77-8B93-2B694B5B45EC}.Release|x86.Build.0 = Release|Any CPU
		{FC42914B-B85D-4AED-973D-EE17024F075F}.Debug|Any CPU.ActiveCfg = Debug|Any CPU
		{FC42914B-B85D-4AED-973D-EE17024F075F}.Debug|Any CPU.Build.0 = Debug|Any CPU
		{FC42914B-B85D-4AED-973D-EE17024F075F}.Debug|x64.ActiveCfg = Debug|Any CPU
		{FC42914B-B85D-4AED-973D-EE17024F075F}.Debug|x64.Build.0 = Debug|Any CPU
		{FC42914B-B85D-4AED-973D-EE17024F075F}.Debug|x86.ActiveCfg = Debug|Any CPU
		{FC42914B-B85D-4AED-973D-EE17024F075F}.Debug|x86.Build.0 = Debug|Any CPU
		{FC42914B-B85D-4AED-973D-EE17024F075F}.Release|Any CPU.ActiveCfg = Release|Any CPU
		{FC42914B-B85D-4AED-973D-EE17024F075F}.Release|Any CPU.Build.0 = Release|Any CPU
		{FC42914B-B85D-4AED-973D-EE17024F075F}.Release|x64.ActiveCfg = Release|Any CPU
		{FC42914B-B85D-4AED-973D-EE17024F075F}.Release|x64.Build.0 = Release|Any CPU
		{FC42914B-B85D-4AED-973D-EE17024F075F}.Release|x86.ActiveCfg = Release|Any CPU
		{FC42914B-B85D-4AED-973D-EE17024F075F}.Release|x86.Build.0 = Release|Any CPU
		{6D9E8243-482B-4890-932E-B39EA84445E9}.Debug|Any CPU.ActiveCfg = Debug|Any CPU
		{6D9E8243-482B-4890-932E-B39EA84445E9}.Debug|Any CPU.Build.0 = Debug|Any CPU
		{6D9E8243-482B-4890-932E-B39EA84445E9}.Debug|x64.ActiveCfg = Debug|Any CPU
		{6D9E8243-482B-4890-932E-B39EA84445E9}.Debug|x64.Build.0 = Debug|Any CPU
		{6D9E8243-482B-4890-932E-B39EA84445E9}.Debug|x86.ActiveCfg = Debug|Any CPU
		{6D9E8243-482B-4890-932E-B39EA84445E9}.Debug|x86.Build.0 = Debug|Any CPU
		{6D9E8243-482B-4890-932E-B39EA84445E9}.Release|Any CPU.ActiveCfg = Release|Any CPU
		{6D9E8243-482B-4890-932E-B39EA84445E9}.Release|Any CPU.Build.0 = Release|Any CPU
		{6D9E8243-482B-4890-932E-B39EA84445E9}.Release|x64.ActiveCfg = Release|Any CPU
		{6D9E8243-482B-4890-932E-B39EA84445E9}.Release|x64.Build.0 = Release|Any CPU
		{6D9E8243-482B-4890-932E-B39EA84445E9}.Release|x86.ActiveCfg = Release|Any CPU
		{6D9E8243-482B-4890-932E-B39EA84445E9}.Release|x86.Build.0 = Release|Any CPU
		{5FAB8C07-3FC7-4E7C-8174-D0E79D4E21CF}.Debug|Any CPU.ActiveCfg = Debug|Any CPU
		{5FAB8C07-3FC7-4E7C-8174-D0E79D4E21CF}.Debug|Any CPU.Build.0 = Debug|Any CPU
		{5FAB8C07-3FC7-4E7C-8174-D0E79D4E21CF}.Debug|x64.ActiveCfg = Debug|Any CPU
		{5FAB8C07-3FC7-4E7C-8174-D0E79D4E21CF}.Debug|x64.Build.0 = Debug|Any CPU
		{5FAB8C07-3FC7-4E7C-8174-D0E79D4E21CF}.Debug|x86.ActiveCfg = Debug|Any CPU
		{5FAB8C07-3FC7-4E7C-8174-D0E79D4E21CF}.Debug|x86.Build.0 = Debug|Any CPU
		{5FAB8C07-3FC7-4E7C-8174-D0E79D4E21CF}.Release|Any CPU.ActiveCfg = Release|Any CPU
		{5FAB8C07-3FC7-4E7C-8174-D0E79D4E21CF}.Release|Any CPU.Build.0 = Release|Any CPU
		{5FAB8C07-3FC7-4E7C-8174-D0E79D4E21CF}.Release|x64.ActiveCfg = Release|Any CPU
		{5FAB8C07-3FC7-4E7C-8174-D0E79D4E21CF}.Release|x64.Build.0 = Release|Any CPU
		{5FAB8C07-3FC7-4E7C-8174-D0E79D4E21CF}.Release|x86.ActiveCfg = Release|Any CPU
		{5FAB8C07-3FC7-4E7C-8174-D0E79D4E21CF}.Release|x86.Build.0 = Release|Any CPU
	EndGlobalSection
	GlobalSection(SolutionProperties) = preSolution
		HideSolutionNode = FALSE
	EndGlobalSection
	GlobalSection(NestedProjects) = preSolution
		{FEFD6FBF-8950-4373-A3F4-EF40B7617417} = {827E0CD3-B72D-47B6-A68D-7590B98EB39B}
		{096B6098-F141-7114-B090-72D1899D8853} = {827E0CD3-B72D-47B6-A68D-7590B98EB39B}
		{BB428A89-39AC-4E66-A4AD-528015586234} = {096B6098-F141-7114-B090-72D1899D8853}
		{DF68A293-4E63-4348-95A0-DEECFF0873FF} = {096B6098-F141-7114-B090-72D1899D8853}
		{15C34E52-C0E0-491A-B5DB-0C8660AAF4DA} = {096B6098-F141-7114-B090-72D1899D8853}
		{B0868EF5-5A47-41FD-8AA0-7794AB768C92} = {096B6098-F141-7114-B090-72D1899D8853}
		{25105E0A-FB8F-4A77-8B93-2B694B5B45EC} = {0AB3BF05-4346-4AA6-1389-037BE0695223}
		{FC42914B-B85D-4AED-973D-EE17024F075F} = {0AB3BF05-4346-4AA6-1389-037BE0695223}
		{6D9E8243-482B-4890-932E-B39EA84445E9} = {0AB3BF05-4346-4AA6-1389-037BE0695223}
		{5FAB8C07-3FC7-4E7C-8174-D0E79D4E21CF} = {0AB3BF05-4346-4AA6-1389-037BE0695223}
	EndGlobalSection
EndGlobal
