
Microsoft Visual Studio Solution File, Format Version 12.00
# Visual Studio Version 17
VisualStudioVersion = 17.0.31903.59
MinimumVisualStudioVersion = 10.0.40219.1
Project("{2150E333-8FDC-42A3-9474-1A3956D46DE8}") = "src", "src", "{827E0CD3-B72D-47B6-A68D-7590B98EB39B}"
EndProject
Project("{FAE04EC0-301F-11D3-BF4B-00C04F79EFBC}") = "Baion.Contracts", "src\Baion.Contracts\Baion.Contracts.csproj", "{71C0C31D-BCF1-4B51-9B13-8B02E4E9F768}"
EndProject
Project("{2150E333-8FDC-42A3-9474-1A3956D46DE8}") = "Orchestrator", "Orchestrator", "{A1D69D03-291D-DB9F-E07E-060D002C8783}"
EndProject
Project("{FAE04EC0-301F-11D3-BF4B-00C04F79EFBC}") = "Baion.Orchestrator.Extensions", "src\Orchestrator\Baion.Orchestrator.Extensions\Baion.Orchestrator.Extensions.csproj", "{91E67051-A695-47FA-A889-45E68D298C2A}"
EndProject
Project("{FAE04EC0-301F-11D3-BF4B-00C04F79EFBC}") = "Baion.Orchestrator.Identity", "src\Orchestrator\Baion.Orchestrator.Identity\Baion.Orchestrator.Identity.csproj", "{5976F065-C5F6-40B3-8F90-62821CFE8886}"
EndProject
Project("{FAE04EC0-301F-11D3-BF4B-00C04F79EFBC}") = "Baion.Orchestrator.Models", "src\Orchestrator\Baion.Orchestrator.Models\Baion.Orchestrator.Models.csproj", "{D6934565-4F73-4E0B-A769-1C46316C0EFE}"
EndProject
Project("{FAE04EC0-301F-11D3-BF4B-00C04F79EFBC}") = "Baion.Orchestrator.Messaging", "src\Orchestrator\Baion.Orchestrator.Messaging\Baion.Orchestrator.Messaging.csproj", "{B920143B-0DE8-4B55-82D6-BDE1792BE4FA}"
EndProject
Project("{FAE04EC0-301F-11D3-BF4B-00C04F79EFBC}") = "Baion.Orchestrator.Persistence", "src\Orchestrator\Baion.Orchestrator.Persistence\Baion.Orchestrator.Persistence.csproj", "{0804366F-59E8-4E66-A1CB-6A769C8B15DC}"
EndProject
Project("{FAE04EC0-301F-11D3-BF4B-00C04F79EFBC}") = "Baion.Orchestrator.Presentacion", "src\Orchestrator\Baion.Orchestrator.Presentacion\Baion.Orchestrator.Presentacion.csproj", "{BE9681B2-4861-4C7A-A1A2-518E7A41FE8C}"
EndProject
Project("{FAE04EC0-301F-11D3-BF4B-00C04F79EFBC}") = "Baion.Orchestrator.Services", "src\Orchestrator\Baion.Orchestrator.Services\Baion.Orchestrator.Services.csproj", "{576CF6B0-1661-4786-AE7D-0A1A776C4700}"
EndProject
Project("{2150E333-8FDC-42A3-9474-1A3956D46DE8}") = "tests", "tests", "{0AB3BF05-4346-4AA6-1389-037BE0695223}"
EndProject
Project("{FAE04EC0-301F-11D3-BF4B-00C04F79EFBC}") = "Baion.Contracts.Tests", "tests\Baion.Contracts.Tests\Baion.Contracts.Tests.csproj", "{163C5B4B-2C5B-4A43-ADC0-F522A6660DCD}"
EndProject
Project("{FAE04EC0-301F-11D3-BF4B-00C04F79EFBC}") = "Baion.Orchestrator.Persistence.Tests", "tests\Baion.Orchestrator.Persistence.Tests\Baion.Orchestrator.Persistence.Tests.csproj", "{F06267CE-0D86-4F67-A239-7B51E76362D2}"
EndProject
Project("{FAE04EC0-301F-11D3-BF4B-00C04F79EFBC}") = "Baion.TestSupport", "tests\Baion.TestSupport\Baion.TestSupport.csproj", "{B685759A-A97B-48B7-A8EB-0D597AD021D3}"
EndProject
Project("{FAE04EC0-301F-11D3-BF4B-00C04F79EFBC}") = "Baion.Orchestrator.Identity.Tests", "tests\Baion.Orchestrator.Identity.Tests\Baion.Orchestrator.Identity.Tests.csproj", "{4617D440-FC1B-4384-AD9B-425E5F0BE80A}"
EndProject
Project("{FAE04EC0-301F-11D3-BF4B-00C04F79EFBC}") = "Baion.Orchestrator.Agents.Tests", "tests\Baion.Orchestrator.Agents.Tests\Baion.Orchestrator.Agents.Tests.csproj", "{5CF720C0-A559-4BC3-9385-FF65C743F885}"
EndProject
Global
	GlobalSection(SolutionConfigurationPlatforms) = preSolution
		Debug|Any CPU = Debug|Any CPU
		Debug|x64 = Debug|x64
		Debug|x86 = Debug|x86
		Release|Any CPU = Release|Any CPU
		Release|x64 = Release|x64
		Release|x86 = Release|x86
	EndGlobalSection
	GlobalSection(ProjectConfigurationPlatforms) = postSolution
		{71C0C31D-BCF1-4B51-9B13-8B02E4E9F768}.Debug|Any CPU.ActiveCfg = Debug|Any CPU
		{71C0C31D-BCF1-4B51-9B13-8B02E4E9F768}.Debug|Any CPU.Build.0 = Debug|Any CPU
		{71C0C31D-BCF1-4B51-9B13-8B02E4E9F768}.Debug|x64.ActiveCfg = Debug|Any CPU
		{71C0C31D-BCF1-4B51-9B13-8B02E4E9F768}.Debug|x64.Build.0 = Debug|Any CPU
		{71C0C31D-BCF1-4B51-9B13-8B02E4E9F768}.Debug|x86.ActiveCfg = Debug|Any CPU
		{71C0C31D-BCF1-4B51-9B13-8B02E4E9F768}.Debug|x86.Build.0 = Debug|Any CPU
		{71C0C31D-BCF1-4B51-9B13-8B02E4E9F768}.Release|Any CPU.ActiveCfg = Release|Any CPU
		{71C0C31D-BCF1-4B51-9B13-8B02E4E9F768}.Release|Any CPU.Build.0 = Release|Any CPU
		{71C0C31D-BCF1-4B51-9B13-8B02E4E9F768}.Release|x64.ActiveCfg = Release|Any CPU
		{71C0C31D-BCF1-4B51-9B13-8B02E4E9F768}.Release|x64.Build.0 = Release|Any CPU
		{71C0C31D-BCF1-4B51-9B13-8B02E4E9F768}.Release|x86.ActiveCfg = Release|Any CPU
		{71C0C31D-BCF1-4B51-9B13-8B02E4E9F768}.Release|x86.Build.0 = Release|Any CPU
		{91E67051-A695-47FA-A889-45E68D298C2A}.Debug|Any CPU.ActiveCfg = Debug|Any CPU
		{91E67051-A695-47FA-A889-45E68D298C2A}.Debug|Any CPU.Build.0 = Debug|Any CPU
		{91E67051-A695-47FA-A889-45E68D298C2A}.Debug|x64.ActiveCfg = Debug|Any CPU
		{91E67051-A695-47FA-A889-45E68D298C2A}.Debug|x64.Build.0 = Debug|Any CPU
		{91E67051-A695-47FA-A889-45E68D298C2A}.Debug|x86.ActiveCfg = Debug|Any CPU
		{91E67051-A695-47FA-A889-45E68D298C2A}.Debug|x86.Build.0 = Debug|Any CPU
		{91E67051-A695-47FA-A889-45E68D298C2A}.Release|Any CPU.ActiveCfg = Release|Any CPU
		{91E67051-A695-47FA-A889-45E68D298C2A}.Release|Any CPU.Build.0 = Release|Any CPU
		{91E67051-A695-47FA-A889-45E68D298C2A}.Release|x64.ActiveCfg = Release|Any CPU
		{91E67051-A695-47FA-A889-45E68D298C2A}.Release|x64.Build.0 = Release|Any CPU
		{91E67051-A695-47FA-A889-45E68D298C2A}.Release|x86.ActiveCfg = Release|Any CPU
		{91E67051-A695-47FA-A889-45E68D298C2A}.Release|x86.Build.0 = Release|Any CPU
		{5976F065-C5F6-40B3-8F90-62821CFE8886}.Debug|Any CPU.ActiveCfg = Debug|Any CPU
		{5976F065-C5F6-40B3-8F90-62821CFE8886}.Debug|Any CPU.Build.0 = Debug|Any CPU
		{5976F065-C5F6-40B3-8F90-62821CFE8886}.Debug|x64.ActiveCfg = Debug|Any CPU
		{5976F065-C5F6-40B3-8F90-62821CFE8886}.Debug|x64.Build.0 = Debug|Any CPU
		{5976F065-C5F6-40B3-8F90-62821CFE8886}.Debug|x86.ActiveCfg = Debug|Any CPU
		{5976F065-C5F6-40B3-8F90-62821CFE8886}.Debug|x86.Build.0 = Debug|Any CPU
		{5976F065-C5F6-40B3-8F90-62821CFE8886}.Release|Any CPU.ActiveCfg = Release|Any CPU
		{5976F065-C5F6-40B3-8F90-62821CFE8886}.Release|Any CPU.Build.0 = Release|Any CPU
		{5976F065-C5F6-40B3-8F90-62821CFE8886}.Release|x64.ActiveCfg = Release|Any CPU
		{5976F065-C5F6-40B3-8F90-62821CFE8886}.Release|x64.Build.0 = Release|Any CPU
		{5976F065-C5F6-40B3-8F90-62821CFE8886}.Release|x86.ActiveCfg = Release|Any CPU
		{5976F065-C5F6-40B3-8F90-62821CFE8886}.Release|x86.Build.0 = Release|Any CPU
		{D6934565-4F73-4E0B-A769-1C46316C0EFE}.Debug|Any CPU.ActiveCfg = Debug|Any CPU
		{D6934565-4F73-4E0B-A769-1C46316C0EFE}.Debug|Any CPU.Build.0 = Debug|Any CPU
		{D6934565-4F73-4E0B-A769-1C46316C0EFE}.Debug|x64.ActiveCfg = Debug|Any CPU
		{D6934565-4F73-4E0B-A769-1C46316C0EFE}.Debug|x64.Build.0 = Debug|Any CPU
		{D6934565-4F73-4E0B-A769-1C46316C0EFE}.Debug|x86.ActiveCfg = Debug|Any CPU
		{D6934565-4F73-4E0B-A769-1C46316C0EFE}.Debug|x86.Build.0 = Debug|Any CPU
		{D6934565-4F73-4E0B-A769-1C46316C0EFE}.Release|Any CPU.ActiveCfg = Release|Any CPU
		{D6934565-4F73-4E0B-A769-1C46316C0EFE}.Release|Any CPU.Build.0 = Release|Any CPU
		{D6934565-4F73-4E0B-A769-1C46316C0EFE}.Release|x64.ActiveCfg = Release|Any CPU
		{D6934565-4F73-4E0B-A769-1C46316C0EFE}.Release|x64.Build.0 = Release|Any CPU
		{D6934565-4F73-4E0B-A769-1C46316C0EFE}.Release|x86.ActiveCfg = Release|Any CPU
		{D6934565-4F73-4E0B-A769-1C46316C0EFE}.Release|x86.Build.0 = Release|Any CPU
		{B920143B-0DE8-4B55-82D6-BDE1792BE4FA}.Debug|Any CPU.ActiveCfg = Debug|Any CPU
		{B920143B-0DE8-4B55-82D6-BDE1792BE4FA}.Debug|Any CPU.Build.0 = Debug|Any CPU
		{B920143B-0DE8-4B55-82D6-BDE1792BE4FA}.Debug|x64.ActiveCfg = Debug|Any CPU
		{B920143B-0DE8-4B55-82D6-BDE1792BE4FA}.Debug|x64.Build.0 = Debug|Any CPU
		{B920143B-0DE8-4B55-82D6-BDE1792BE4FA}.Debug|x86.ActiveCfg = Debug|Any CPU
		{B920143B-0DE8-4B55-82D6-BDE1792BE4FA}.Debug|x86.Build.0 = Debug|Any CPU
		{B920143B-0DE8-4B55-82D6-BDE1792BE4FA}.Release|Any CPU.ActiveCfg = Release|Any CPU
		{B920143B-0DE8-4B55-82D6-BDE1792BE4FA}.Release|Any CPU.Build.0 = Release|Any CPU
		{B920143B-0DE8-4B55-82D6-BDE1792BE4FA}.Release|x64.ActiveCfg = Release|Any CPU
		{B920143B-0DE8-4B55-82D6-BDE1792BE4FA}.Release|x64.Build.0 = Release|Any CPU
		{B920143B-0DE8-4B55-82D6-BDE1792BE4FA}.Release|x86.ActiveCfg = Release|Any CPU
		{B920143B-0DE8-4B55-82D6-BDE1792BE4FA}.Release|x86.Build.0 = Release|Any CPU
		{0804366F-59E8-4E66-A1CB-6A769C8B15DC}.Debug|Any CPU.ActiveCfg = Debug|Any CPU
		{0804366F-59E8-4E66-A1CB-6A769C8B15DC}.Debug|Any CPU.Build.0 = Debug|Any CPU
		{0804366F-59E8-4E66-A1CB-6A769C8B15DC}.Debug|x64.ActiveCfg = Debug|Any CPU
		{0804366F-59E8-4E66-A1CB-6A769C8B15DC}.Debug|x64.Build.0 = Debug|Any CPU
		{0804366F-59E8-4E66-A1CB-6A769C8B15DC}.Debug|x86.ActiveCfg = Debug|Any CPU
		{0804366F-59E8-4E66-A1CB-6A769C8B15DC}.Debug|x86.Build.0 = Debug|Any CPU
		{0804366F-59E8-4E66-A1CB-6A769C8B15DC}.Release|Any CPU.ActiveCfg = Release|Any CPU
		{0804366F-59E8-4E66-A1CB-6A769C8B15DC}.Release|Any CPU.Build.0 = Release|Any CPU
		{0804366F-59E8-4E66-A1CB-6A769C8B15DC}.Release|x64.ActiveCfg = Release|Any CPU
		{0804366F-59E8-4E66-A1CB-6A769C8B15DC}.Release|x64.Build.0 = Release|Any CPU
		{0804366F-59E8-4E66-A1CB-6A769C8B15DC}.Release|x86.ActiveCfg = Release|Any CPU
		{0804366F-59E8-4E66-A1CB-6A769C8B15DC}.Release|x86.Build.0 = Release|Any CPU
		{BE9681B2-4861-4C7A-A1A2-518E7A41FE8C}.Debug|Any CPU.ActiveCfg = Debug|Any CPU
		{BE9681B2-4861-4C7A-A1A2-518E7A41FE8C}.Debug|Any CPU.Build.0 = Debug|Any CPU
		{BE9681B2-4861-4C7A-A1A2-518E7A41FE8C}.Debug|x64.ActiveCfg = Debug|Any CPU
		{BE9681B2-4861-4C7A-A1A2-518E7A41FE8C}.Debug|x64.Build.0 = Debug|Any CPU
		{BE9681B2-4861-4C7A-A1A2-518E7A41FE8C}.Debug|x86.ActiveCfg = Debug|Any CPU
		{BE9681B2-4861-4C7A-A1A2-518E7A41FE8C}.Debug|x86.Build.0 = Debug|Any CPU
		{BE9681B2-4861-4C7A-A1A2-518E7A41FE8C}.Release|Any CPU.ActiveCfg = Release|Any CPU
		{BE9681B2-4861-4C7A-A1A2-518E7A41FE8C}.Release|Any CPU.Build.0 = Release|Any CPU
		{BE9681B2-4861-4C7A-A1A2-518E7A41FE8C}.Release|x64.ActiveCfg = Release|Any CPU
		{BE9681B2-4861-4C7A-A1A2-518E7A41FE8C}.Release|x64.Build.0 = Release|Any CPU
		{BE9681B2-4861-4C7A-A1A2-518E7A41FE8C}.Release|x86.ActiveCfg = Release|Any CPU
		{BE9681B2-4861-4C7A-A1A2-518E7A41FE8C}.Release|x86.Build.0 = Release|Any CPU
		{576CF6B0-1661-4786-AE7D-0A1A776C4700}.Debug|Any CPU.ActiveCfg = Debug|Any CPU
		{576CF6B0-1661-4786-AE7D-0A1A776C4700}.Debug|Any CPU.Build.0 = Debug|Any CPU
		{576CF6B0-1661-4786-AE7D-0A1A776C4700}.Debug|x64.ActiveCfg = Debug|Any CPU
		{576CF6B0-1661-4786-AE7D-0A1A776C4700}.Debug|x64.Build.0 = Debug|Any CPU
		{576CF6B0-1661-4786-AE7D-0A1A776C4700}.Debug|x86.ActiveCfg = Debug|Any CPU
		{576CF6B0-1661-4786-AE7D-0A1A776C4700}.Debug|x86.Build.0 = Debug|Any CPU
		{576CF6B0-1661-4786-AE7D-0A1A776C4700}.Release|Any CPU.ActiveCfg = Release|Any CPU
		{576CF6B0-1661-4786-AE7D-0A1A776C4700}.Release|Any CPU.Build.0 = Release|Any CPU
		{576CF6B0-1661-4786-AE7D-0A1A776C4700}.Release|x64.ActiveCfg = Release|Any CPU
		{576CF6B0-1661-4786-AE7D-0A1A776C4700}.Release|x64.Build.0 = Release|Any CPU
		{576CF6B0-1661-4786-AE7D-0A1A776C4700}.Release|x86.ActiveCfg = Release|Any CPU
		{576CF6B0-1661-4786-AE7D-0A1A776C4700}.Release|x86.Build.0 = Release|Any CPU
		{163C5B4B-2C5B-4A43-ADC0-F522A6660DCD}.Debug|Any CPU.ActiveCfg = Debug|Any CPU
		{163C5B4B-2C5B-4A43-ADC0-F522A6660DCD}.Debug|Any CPU.Build.0 = Debug|Any CPU
		{163C5B4B-2C5B-4A43-ADC0-F522A6660DCD}.Debug|x64.ActiveCfg = Debug|Any CPU
		{163C5B4B-2C5B-4A43-ADC0-F522A6660DCD}.Debug|x64.Build.0 = Debug|Any CPU
		{163C5B4B-2C5B-4A43-ADC0-F522A6660DCD}.Debug|x86.ActiveCfg = Debug|Any CPU
		{163C5B4B-2C5B-4A43-ADC0-F522A6660DCD}.Debug|x86.Build.0 = Debug|Any CPU
		{163C5B4B-2C5B-4A43-ADC0-F522A6660DCD}.Release|Any CPU.ActiveCfg = Release|Any CPU
		{163C5B4B-2C5B-4A43-ADC0-F522A6660DCD}.Release|Any CPU.Build.0 = Release|Any CPU
		{163C5B4B-2C5B-4A43-ADC0-F522A6660DCD}.Release|x64.ActiveCfg = Release|Any CPU
		{163C5B4B-2C5B-4A43-ADC0-F522A6660DCD}.Release|x64.Build.0 = Release|Any CPU
		{163C5B4B-2C5B-4A43-ADC0-F522A6660DCD}.Release|x86.ActiveCfg = Release|Any CPU
		{163C5B4B-2C5B-4A43-ADC0-F522A6660DCD}.Release|x86.Build.0 = Release|Any CPU
		{F06267CE-0D86-4F67-A239-7B51E76362D2}.Debug|Any CPU.ActiveCfg = Debug|Any CPU
		{F06267CE-0D86-4F67-A239-7B51E76362D2}.Debug|Any CPU.Build.0 = Debug|Any CPU
		{F06267CE-0D86-4F67-A239-7B51E76362D2}.Debug|x64.ActiveCfg = Debug|Any CPU
		{F06267CE-0D86-4F67-A239-7B51E76362D2}.Debug|x64.Build.0 = Debug|Any CPU
		{F06267CE-0D86-4F67-A239-7B51E76362D2}.Debug|x86.ActiveCfg = Debug|Any CPU
		{F06267CE-0D86-4F67-A239-7B51E76362D2}.Debug|x86.Build.0 = Debug|Any CPU
		{F06267CE-0D86-4F67-A239-7B51E76362D2}.Release|Any CPU.ActiveCfg = Release|Any CPU
		{F06267CE-0D86-4F67-A239-7B51E76362D2}.Release|Any CPU.Build.0 = Release|Any CPU
		{F06267CE-0D86-4F67-A239-7B51E76362D2}.Release|x64.ActiveCfg = Release|Any CPU
		{F06267CE-0D86-4F67-A239-7B51E76362D2}.Release|x64.Build.0 = Release|Any CPU
		{F06267CE-0D86-4F67-A239-7B51E76362D2}.Release|x86.ActiveCfg = Release|Any CPU
		{F06267CE-0D86-4F67-A239-7B51E76362D2}.Release|x86.Build.0 = Release|Any CPU
		{B685759A-A97B-48B7-A8EB-0D597AD021D3}.Debug|Any CPU.ActiveCfg = Debug|Any CPU
		{B685759A-A97B-48B7-A8EB-0D597AD021D3}.Debug|Any CPU.Build.0 = Debug|Any CPU
		{B685759A-A97B-48B7-A8EB-0D597AD021D3}.Debug|x64.ActiveCfg = Debug|Any CPU
		{B685759A-A97B-48B7-A8EB-0D597AD021D3}.Debug|x64.Build.0 = Debug|Any CPU
		{B685759A-A97B-48B7-A8EB-0D597AD021D3}.Debug|x86.ActiveCfg = Debug|Any CPU
		{B685759A-A97B-48B7-A8EB-0D597AD021D3}.Debug|x86.Build.0 = Debug|Any CPU
		{B685759A-A97B-48B7-A8EB-0D597AD021D3}.Release|Any CPU.ActiveCfg = Release|Any CPU
		{B685759A-A97B-48B7-A8EB-0D597AD021D3}.Release|Any CPU.Build.0 = Release|Any CPU
		{B685759A-A97B-48B7-A8EB-0D597AD021D3}.Release|x64.ActiveCfg = Release|Any CPU
		{B685759A-A97B-48B7-A8EB-0D597AD021D3}.Release|x64.Build.0 = Release|Any CPU
		{B685759A-A97B-48B7-A8EB-0D597AD021D3}.Release|x86.ActiveCfg = Release|Any CPU
		{B685759A-A97B-48B7-A8EB-0D597AD021D3}.Release|x86.Build.0 = Release|Any CPU
		{4617D440-FC1B-4384-AD9B-425E5F0BE80A}.Debug|Any CPU.ActiveCfg = Debug|Any CPU
		{4617D440-FC1B-4384-AD9B-425E5F0BE80A}.Debug|Any CPU.Build.0 = Debug|Any CPU
		{4617D440-FC1B-4384-AD9B-425E5F0BE80A}.Debug|x64.ActiveCfg = Debug|Any CPU
		{4617D440-FC1B-4384-AD9B-425E5F0BE80A}.Debug|x64.Build.0 = Debug|Any CPU
		{4617D440-FC1B-4384-AD9B-425E5F0BE80A}.Debug|x86.ActiveCfg = Debug|Any CPU
		{4617D440-FC1B-4384-AD9B-425E5F0BE80A}.Debug|x86.Build.0 = Debug|Any CPU
		{4617D440-FC1B-4384-AD9B-425E5F0BE80A}.Release|Any CPU.ActiveCfg = Release|Any CPU
		{4617D440-FC1B-4384-AD9B-425E5F0BE80A}.Release|Any CPU.Build.0 = Release|Any CPU
		{4617D440-FC1B-4384-AD9B-425E5F0BE80A}.Release|x64.ActiveCfg = Release|Any CPU
		{4617D440-FC1B-4384-AD9B-425E5F0BE80A}.Release|x64.Build.0 = Release|Any CPU
		{4617D440-FC1B-4384-AD9B-425E5F0BE80A}.Release|x86.ActiveCfg = Release|Any CPU
		{4617D440-FC1B-4384-AD9B-425E5F0BE80A}.Release|x86.Build.0 = Release|Any CPU
		{5CF720C0-A559-4BC3-9385-FF65C743F885}.Debug|Any CPU.ActiveCfg = Debug|Any CPU
		{5CF720C0-A559-4BC3-9385-FF65C743F885}.Debug|Any CPU.Build.0 = Debug|Any CPU
		{5CF720C0-A559-4BC3-9385-FF65C743F885}.Debug|x64.ActiveCfg = Debug|Any CPU
		{5CF720C0-A559-4BC3-9385-FF65C743F885}.Debug|x64.Build.0 = Debug|Any CPU
		{5CF720C0-A559-4BC3-9385-FF65C743F885}.Debug|x86.ActiveCfg = Debug|Any CPU
		{5CF720C0-A559-4BC3-9385-FF65C743F885}.Debug|x86.Build.0 = Debug|Any CPU
		{5CF720C0-A559-4BC3-9385-FF65C743F885}.Release|Any CPU.ActiveCfg = Release|Any CPU
		{5CF720C0-A559-4BC3-9385-FF65C743F885}.Release|Any CPU.Build.0 = Release|Any CPU
		{5CF720C0-A559-4BC3-9385-FF65C743F885}.Release|x64.ActiveCfg = Release|Any CPU
		{5CF720C0-A559-4BC3-9385-FF65C743F885}.Release|x64.Build.0 = Release|Any CPU
		{5CF720C0-A559-4BC3-9385-FF65C743F885}.Release|x86.ActiveCfg = Release|Any CPU
		{5CF720C0-A559-4BC3-9385-FF65C743F885}.Release|x86.Build.0 = Release|Any CPU
	EndGlobalSection
	GlobalSection(SolutionProperties) = preSolution
		HideSolutionNode = FALSE
	EndGlobalSection
	GlobalSection(NestedProjects) = preSolution
		{71C0C31D-BCF1-4B51-9B13-8B02E4E9F768} = {827E0CD3-B72D-47B6-A68D-7590B98EB39B}
		{A1D69D03-291D-DB9F-E07E-060D002C8783} = {827E0CD3-B72D-47B6-A68D-7590B98EB39B}
		{91E67051-A695-47FA-A889-45E68D298C2A} = {A1D69D03-291D-DB9F-E07E-060D002C8783}
		{5976F065-C5F6-40B3-8F90-62821CFE8886} = {A1D69D03-291D-DB9F-E07E-060D002C8783}
		{D6934565-4F73-4E0B-A769-1C46316C0EFE} = {A1D69D03-291D-DB9F-E07E-060D002C8783}
		{B920143B-0DE8-4B55-82D6-BDE1792BE4FA} = {A1D69D03-291D-DB9F-E07E-060D002C8783}
		{0804366F-59E8-4E66-A1CB-6A769C8B15DC} = {A1D69D03-291D-DB9F-E07E-060D002C8783}
		{BE9681B2-4861-4C7A-A1A2-518E7A41FE8C} = {A1D69D03-291D-DB9F-E07E-060D002C8783}
		{576CF6B0-1661-4786-AE7D-0A1A776C4700} = {A1D69D03-291D-DB9F-E07E-060D002C8783}
		{163C5B4B-2C5B-4A43-ADC0-F522A6660DCD} = {0AB3BF05-4346-4AA6-1389-037BE0695223}
		{F06267CE-0D86-4F67-A239-7B51E76362D2} = {0AB3BF05-4346-4AA6-1389-037BE0695223}
		{B685759A-A97B-48B7-A8EB-0D597AD021D3} = {0AB3BF05-4346-4AA6-1389-037BE0695223}
		{4617D440-FC1B-4384-AD9B-425E5F0BE80A} = {0AB3BF05-4346-4AA6-1389-037BE0695223}
		{5CF720C0-A559-4BC3-9385-FF65C743F885} = {0AB3BF05-4346-4AA6-1389-037BE0695223}
	EndGlobalSection
EndGlobal
